
Microsoft Visual Studio Solution File, Format Version 12.00
# Visual Studio Version 17
VisualStudioVersion = 17.3.32901.215
MinimumVisualStudioVersion = 10.0.40219.1
Project("{FAE04EC0-301F-11D3-BF4B-00C04F79EFBC}") = "Exercise 1", "Exercise 1\Exercise 1.csproj", "{A8BE86E7-D545-4ECD-8E4E-C3F88D006B28}"
EndProject
Global
	GlobalSection(SolutionConfigurationPlatforms) = preSolution
		Debug|Any CPU = Debug|Any CPU
		Release|Any CPU = Release|Any CPU
	EndGlobalSection
	GlobalSection(ProjectConfigurationPlatforms) = postSolution
		{A8BE86E7-D545-4ECD-8E4E-C3F88D006B28}.Debug|Any CPU.ActiveCfg = Debug|Any CPU
		{A8BE86E7-D545-4ECD-8E4E-C3F88D006B28}.Debug|Any CPU.Build.0 = Debug|Any CPU
		{A8BE86E7-D545-4ECD-8E4E-C3F88D006B28}.Release|Any CPU.ActiveCfg = Release|Any CPU
		{A8BE86E7-D545-4ECD-8E4E-C3F88D006B28}.Release|Any CPU.Build.0 = Release|Any CPU
	EndGlobalSection
	GlobalSection(SolutionProperties) = preSolution
		HideSolutionNode = FALSE
	EndGlobalSection
	GlobalSection(ExtensibilityGlobals) = postSolution
		SolutionGuid = {1459B5A3-21B3-4156-840E-4AF4A3977759}
	EndGlobalSection
EndGlobal
